// !$*UTF8*$!
{
	archiveVersion = 1;
	classes = {
	};
	objectVersion = 46;
	objects = {

/* Begin PBXBuildFile section */
		170D6CE6186EB18F00B893AA /* Foundation.framework in Frameworks */ = {isa = PBXBuildFile; fileRef = 170D6CE5186EB18F00B893AA /* Foundation.framework */; };
		170D6CE8186EB18F00B893AA /* CoreGraphics.framework in Frameworks */ = {isa = PBXBuildFile; fileRef = 170D6CE7186EB18F00B893AA /* CoreGraphics.framework */; };
		170D6CEA186EB18F00B893AA /* UIKit.framework in Frameworks */ = {isa = PBXBuildFile; fileRef = 170D6CE9186EB18F00B893AA /* UIKit.framework */; };
		170D6CF0186EB18F00B893AA /* InfoPlist.strings in Resources */ = {isa = PBXBuildFile; fileRef = 170D6CEE186EB18F00B893AA /* InfoPlist.strings */; };
		170D6CF2186EB18F00B893AA /* main.m in Sources */ = {isa = PBXBuildFile; fileRef = 170D6CF1186EB18F00B893AA /* main.m */; };
		170D6CF6186EB18F00B893AA /* HKAppDelegate.m in Sources */ = {isa = PBXBuildFile; fileRef = 170D6CF5186EB18F00B893AA /* HKAppDelegate.m */; };
		170D6CF9186EB18F00B893AA /* Main.storyboard in Resources */ = {isa = PBXBuildFile; fileRef = 170D6CF7186EB18F00B893AA /* Main.storyboard */; };
		170D6CFC186EB18F00B893AA /* HKViewController.m in Sources */ = {isa = PBXBuildFile; fileRef = 170D6CFB186EB18F00B893AA /* HKViewController.m */; };
		170D6CFE186EB18F00B893AA /* Images.xcassets in Resources */ = {isa = PBXBuildFile; fileRef = 170D6CFD186EB18F00B893AA /* Images.xcassets */; };
		170D6D05186EB18F00B893AA /* XCTest.framework in Frameworks */ = {isa = PBXBuildFile; fileRef = 170D6D04186EB18F00B893AA /* XCTest.framework */; };
		170D6D06186EB18F00B893AA /* Foundation.framework in Frameworks */ = {isa = PBXBuildFile; fileRef = 170D6CE5186EB18F00B893AA /* Foundation.framework */; };
		170D6D07186EB18F00B893AA /* UIKit.framework in Frameworks */ = {isa = PBXBuildFile; fileRef = 170D6CE9186EB18F00B893AA /* UIKit.framework */; };
		170D6D0F186EB18F00B893AA /* InfoPlist.strings in Resources */ = {isa = PBXBuildFile; fileRef = 170D6D0D186EB18F00B893AA /* InfoPlist.strings */; };
		170D6D11186EB18F00B893AA /* CrystalBallTests.m in Sources */ = {isa = PBXBuildFile; fileRef = 170D6D10186EB18F00B893AA /* CrystalBallTests.m */; };
		170D6D1C186FE13B00B893AA /* HKCrystalBall.m in Sources */ = {isa = PBXBuildFile; fileRef = 170D6D1B186FE13B00B893AA /* HKCrystalBall.m */; };
		170D6D1E1872284A00B893AA /* crystal_ball.mp3 in Resources */ = {isa = PBXBuildFile; fileRef = 170D6D1D1872284A00B893AA /* crystal_ball.mp3 */; };
		170D6D201872289000B893AA /* AudioToolbox.framework in Frameworks */ = {isa = PBXBuildFile; fileRef = 170D6D1F1872289000B893AA /* AudioToolbox.framework */; };
/* End PBXBuildFile section */

/* Begin PBXContainerItemProxy section */
		170D6D08186EB18F00B893AA /* PBXContainerItemProxy */ = {
			isa = PBXContainerItemProxy;
			containerPortal = 170D6CDA186EB18F00B893AA /* Project object */;
			proxyType = 1;
			remoteGlobalIDString = 170D6CE1186EB18F00B893AA;
			remoteInfo = CrystalBall;
		};
/* End PBXContainerItemProxy section */

/* Begin PBXFileReference section */
		170D6CE2186EB18F00B893AA /* CrystalBall.app */ = {isa = PBXFileReference; explicitFileType = wrapper.application; includeInIndex = 0; path = CrystalBall.app; sourceTree = BUILT_PRODUCTS_DIR; };
		170D6CE5186EB18F00B893AA /* Foundation.framework */ = {isa = PBXFileReference; lastKnownFileType = wrapper.framework; name = Foundation.framework; path = System/Library/Frameworks/Foundation.framework; sourceTree = SDKROOT; };
		170D6CE7186EB18F00B893AA /* CoreGraphics.framework */ = {isa = PBXFileReference; lastKnownFileType = wrapper.framework; name = CoreGraphics.framework; path = System/Library/Frameworks/CoreGraphics.framework; sourceTree = SDKROOT; };
		170D6CE9186EB18F00B893AA /* UIKit.framework */ = {isa = PBXFileReference; lastKnownFileType = wrapper.framework; name = UIKit.framework; path = System/Library/Frameworks/UIKit.framework; sourceTree = SDKROOT; };
		170D6CED186EB18F00B893AA /* CrystalBall-Info.plist */ = {isa = PBXFileReference; lastKnownFileType = text.plist.xml; path = "CrystalBall-Info.plist"; sourceTree = "<group>"; };
		170D6CEF186EB18F00B893AA /* en */ = {isa = PBXFileReference; lastKnownFileType = text.plist.strings; name = en; path = en.lproj/InfoPlist.strings; sourceTree = "<group>"; };
		170D6CF1186EB18F00B893AA /* main.m */ = {isa = PBXFileReference; lastKnownFileType = sourcecode.c.objc; path = main.m; sourceTree = "<group>"; };
		170D6CF3186EB18F00B893AA /* CrystalBall-Prefix.pch */ = {isa = PBXFileReference; lastKnownFileType = sourcecode.c.h; path = "CrystalBall-Prefix.pch"; sourceTree = "<group>"; };
		170D6CF4186EB18F00B893AA /* HKAppDelegate.h */ = {isa = PBXFileReference; lastKnownFileType = sourcecode.c.h; path = HKAppDelegate.h; sourceTree = "<group>"; };
		170D6CF5186EB18F00B893AA /* HKAppDelegate.m */ = {isa = PBXFileReference; lastKnownFileType = sourcecode.c.objc; path = HKAppDelegate.m; sourceTree = "<group>"; };
		170D6CF8186EB18F00B893AA /* Base */ = {isa = PBXFileReference; lastKnownFileType = file.storyboard; name = Base; path = Base.lproj/Main.storyboard; sourceTree = "<group>"; };
		170D6CFA186EB18F00B893AA /* HKViewController.h */ = {isa = PBXFileReference; lastKnownFileType = sourcecode.c.h; path = HKViewController.h; sourceTree = "<group>"; };
		170D6CFB186EB18F00B893AA /* HKViewController.m */ = {isa = PBXFileReference; lastKnownFileType = sourcecode.c.objc; path = HKViewController.m; sourceTree = "<group>"; };
		170D6CFD186EB18F00B893AA /* Images.xcassets */ = {isa = PBXFileReference; lastKnownFileType = folder.assetcatalog; path = Images.xcassets; sourceTree = "<group>"; };
		170D6D03186EB18F00B893AA /* CrystalBallTests.xctest */ = {isa = PBXFileReference; explicitFileType = wrapper.cfbundle; includeInIndex = 0; path = CrystalBallTests.xctest; sourceTree = BUILT_PRODUCTS_DIR; };
		170D6D04186EB18F00B893AA /* XCTest.framework */ = {isa = PBXFileReference; lastKnownFileType = wrapper.framework; name = XCTest.framework; path = Library/Frameworks/XCTest.framework; sourceTree = DEVELOPER_DIR; };
		170D6D0C186EB18F00B893AA /* CrystalBallTests-Info.plist */ = {isa = PBXFileReference; lastKnownFileType = text.plist.xml; path = "CrystalBallTests-Info.plist"; sourceTree = "<group>"; };
		170D6D0E186EB18F00B893AA /* en */ = {isa = PBXFileReference; lastKnownFileType = text.plist.strings; name = en; path = en.lproj/InfoPlist.strings; sourceTree = "<group>"; };
		170D6D10186EB18F00B893AA /* CrystalBallTests.m */ = {isa = PBXFileReference; lastKnownFileType = sourcecode.c.objc; path = CrystalBallTests.m; sourceTree = "<group>"; };
		170D6D1A186FE13B00B893AA /* HKCrystalBall.h */ = {isa = PBXFileReference; fileEncoding = 4; lastKnownFileType = sourcecode.c.h; path = HKCrystalBall.h; sourceTree = "<group>"; };
		170D6D1B186FE13B00B893AA /* HKCrystalBall.m */ = {isa = PBXFileReference; fileEncoding = 4; lastKnownFileType = sourcecode.c.objc; path = HKCrystalBall.m; sourceTree = "<group>"; };
		170D6D1D1872284A00B893AA /* crystal_ball.mp3 */ = {isa = PBXFileReference; lastKnownFileType = audio.mp3; path = crystal_ball.mp3; sourceTree = "<group>"; };
		170D6D1F1872289000B893AA /* AudioToolbox.framework */ = {isa = PBXFileReference; lastKnownFileType = wrapper.framework; name = AudioToolbox.framework; path = System/Library/Frameworks/AudioToolbox.framework; sourceTree = SDKROOT; };
/* End PBXFileReference section */

/* Begin PBXFrameworksBuildPhase section */
		170D6CDF186EB18F00B893AA /* Frameworks */ = {
			isa = PBXFrameworksBuildPhase;
			buildActionMask = 2147483647;
			files = (
				170D6D201872289000B893AA /* AudioToolbox.framework in Frameworks */,
				170D6CE8186EB18F00B893AA /* CoreGraphics.framework in Frameworks */,
				170D6CEA186EB18F00B893AA /* UIKit.framework in Frameworks */,
				170D6CE6186EB18F00B893AA /* Foundation.framework in Frameworks */,
			);
			runOnlyForDeploymentPostprocessing = 0;
		};
		170D6D00186EB18F00B893AA /* Frameworks */ = {
			isa = PBXFrameworksBuildPhase;
			buildActionMask = 2147483647;
			files = (
				170D6D05186EB18F00B893AA /* XCTest.framework in Frameworks */,
				170D6D07186EB18F00B893AA /* UIKit.framework in Frameworks */,
				170D6D06186EB18F00B893AA /* Foundation.framework in Frameworks */,
			);
			runOnlyForDeploymentPostprocessing = 0;
		};
/* End PBXFrameworksBuildPhase section */

/* Begin PBXGroup section */
		170D6CD9186EB18E00B893AA = {
			isa = PBXGroup;
			children = (
				170D6CEB186EB18F00B893AA /* CrystalBall */,
				170D6D0A186EB18F00B893AA /* CrystalBallTests */,
				170D6CE4186EB18F00B893AA /* Frameworks */,
				170D6CE3186EB18F00B893AA /* Products */,
			);
			sourceTree = "<group>";
		};
		170D6CE3186EB18F00B893AA /* Products */ = {
			isa = PBXGroup;
			children = (
				170D6CE2186EB18F00B893AA /* CrystalBall.app */,
				170D6D03186EB18F00B893AA /* CrystalBallTests.xctest */,
			);
			name = Products;
			sourceTree = "<group>";
		};
		170D6CE4186EB18F00B893AA /* Frameworks */ = {
			isa = PBXGroup;
			children = (
				170D6D1F1872289000B893AA /* AudioToolbox.framework */,
				170D6CE5186EB18F00B893AA /* Foundation.framework */,
				170D6CE7186EB18F00B893AA /* CoreGraphics.framework */,
				170D6CE9186EB18F00B893AA /* UIKit.framework */,
				170D6D04186EB18F00B893AA /* XCTest.framework */,
			);
			name = Frameworks;
			sourceTree = "<group>";
		};
		170D6CEB186EB18F00B893AA /* CrystalBall */ = {
			isa = PBXGroup;
			children = (
				170D6D1D1872284A00B893AA /* crystal_ball.mp3 */,
				170D6CF7186EB18F00B893AA /* Main.storyboard */,
				170D6CFA186EB18F00B893AA /* HKViewController.h */,
				170D6CFB186EB18F00B893AA /* HKViewController.m */,
				170D6CFD186EB18F00B893AA /* Images.xcassets */,
				170D6CEC186EB18F00B893AA /* Supporting Files */,
			);
			path = CrystalBall;
			sourceTree = "<group>";
		};
		170D6CEC186EB18F00B893AA /* Supporting Files */ = {
			isa = PBXGroup;
			children = (
				170D6D1A186FE13B00B893AA /* HKCrystalBall.h */,
				170D6D1B186FE13B00B893AA /* HKCrystalBall.m */,
				170D6CF4186EB18F00B893AA /* HKAppDelegate.h */,
				170D6CF5186EB18F00B893AA /* HKAppDelegate.m */,
				170D6CED186EB18F00B893AA /* CrystalBall-Info.plist */,
				170D6CEE186EB18F00B893AA /* InfoPlist.strings */,
				170D6CF1186EB18F00B893AA /* main.m */,
				170D6CF3186EB18F00B893AA /* CrystalBall-Prefix.pch */,
			);
			name = "Supporting Files";
			sourceTree = "<group>";
		};
		170D6D0A186EB18F00B893AA /* CrystalBallTests */ = {
			isa = PBXGroup;
			children = (
				170D6D10186EB18F00B893AA /* CrystalBallTests.m */,
				170D6D0B186EB18F00B893AA /* Supporting Files */,
			);
			path = CrystalBallTests;
			sourceTree = "<group>";
		};
		170D6D0B186EB18F00B893AA /* Supporting Files */ = {
			isa = PBXGroup;
			children = (
				170D6D0C186EB18F00B893AA /* CrystalBallTests-Info.plist */,
				170D6D0D186EB18F00B893AA /* InfoPlist.strings */,
			);
			name = "Supporting Files";
			sourceTree = "<group>";
		};
/* End PBXGroup section */

/* Begin PBXNativeTarget section */
		170D6CE1186EB18F00B893AA /* CrystalBall */ = {
			isa = PBXNativeTarget;
			buildConfigurationList = 170D6D14186EB18F00B893AA /* Build configuration list for PBXNativeTarget "CrystalBall" */;
			buildPhases = (
				170D6CDE186EB18F00B893AA /* Sources */,
				170D6CDF186EB18F00B893AA /* Frameworks */,
				170D6CE0186EB18F00B893AA /* Resources */,
			);
			buildRules = (
			);
			dependencies = (
			);
			name = CrystalBall;
			productName = CrystalBall;
			productReference = 170D6CE2186EB18F00B893AA /* CrystalBall.app */;
			productType = "com.apple.product-type.application";
		};
		170D6D02186EB18F00B893AA /* CrystalBallTests */ = {
			isa = PBXNativeTarget;
			buildConfigurationList = 170D6D17186EB18F00B893AA /* Build configuration list for PBXNativeTarget "CrystalBallTests" */;
			buildPhases = (
				170D6CFF186EB18F00B893AA /* Sources */,
				170D6D00186EB18F00B893AA /* Frameworks */,
				170D6D01186EB18F00B893AA /* Resources */,
			);
			buildRules = (
			);
			dependencies = (
				170D6D09186EB18F00B893AA /* PBXTargetDependency */,
			);
			name = CrystalBallTests;
			productName = CrystalBallTests;
			productReference = 170D6D03186EB18F00B893AA /* CrystalBallTests.xctest */;
			productType = "com.apple.product-type.bundle.unit-test";
		};
/* End PBXNativeTarget section */

/* Begin PBXProject section */
		170D6CDA186EB18F00B893AA /* Project object */ = {
			isa = PBXProject;
			attributes = {
				CLASSPREFIX = HK;
				LastUpgradeCheck = 0500;
				ORGANIZATIONNAME = HabibKhan;
				TargetAttributes = {
					170D6D02186EB18F00B893AA = {
						TestTargetID = 170D6CE1186EB18F00B893AA;
					};
				};
			};
			buildConfigurationList = 170D6CDD186EB18F00B893AA /* Build configuration list for PBXProject "CrystalBall" */;
			compatibilityVersion = "Xcode 3.2";
			developmentRegion = English;
			hasScannedForEncodings = 0;
			knownRegions = (
				en,
				Base,
			);
			mainGroup = 170D6CD9186EB18E00B893AA;
			productRefGroup = 170D6CE3186EB18F00B893AA /* Products */;
			projectDirPath = "";
			projectRoot = "";
			targets = (
				170D6CE1186EB18F00B893AA /* CrystalBall */,
				170D6D02186EB18F00B893AA /* CrystalBallTests */,
			);
		};
/* End PBXProject section */

/* Begin PBXResourcesBuildPhase section */
		170D6CE0186EB18F00B893AA /* Resources */ = {
			isa = PBXResourcesBuildPhase;
			buildActionMask = 2147483647;
			files = (
				170D6CFE186EB18F00B893AA /* Images.xcassets in Resources */,
				170D6CF0186EB18F00B893AA /* InfoPlist.strings in Resources */,
				170D6D1E1872284A00B893AA /* crystal_ball.mp3 in Resources */,
				170D6CF9186EB18F00B893AA /* Main.storyboard in Resources */,
			);
			runOnlyForDeploymentPostprocessing = 0;
		};
		170D6D01186EB18F00B893AA /* Resources */ = {
			isa = PBXResourcesBuildPhase;
			buildActionMask = 2147483647;
			files = (
				170D6D0F186EB18F00B893AA /* InfoPlist.strings in Resources */,
			);
			runOnlyForDeploymentPostprocessing = 0;
		};
/* End PBXResourcesBuildPhase section */

/* Begin PBXSourcesBuildPhase section */
		170D6CDE186EB18F00B893AA /* Sources */ = {
			isa = PBXSourcesBuildPhase;
			buildActionMask = 2147483647;
			files = (
				170D6CFC186EB18F00B893AA /* HKViewController.m in Sources */,
				170D6CF2186EB18F00B893AA /* main.m in Sources */,
				170D6D1C186FE13B00B893AA /* HKCrystalBall.m in Sources */,
				170D6CF6186EB18F00B893AA /* HKAppDelegate.m in Sources */,
			);
			runOnlyForDeploymentPostprocessing = 0;
		};
		170D6CFF186EB18F00B893AA /* Sources */ = {
			isa = PBXSourcesBuildPhase;
			buildActionMask = 2147483647;
			files = (
				170D6D11186EB18F00B893AA /* CrystalBallTests.m in Sources */,
			);
			runOnlyForDeploymentPostprocessing = 0;
		};
/* End PBXSourcesBuildPhase section */

/* Begin PBXTargetDependency section */
		170D6D09186EB18F00B893AA /* PBXTargetDependency */ = {
			isa = PBXTargetDependency;
			target = 170D6CE1186EB18F00B893AA /* CrystalBall */;
			targetProxy = 170D6D08186EB18F00B893AA /* PBXContainerItemProxy */;
		};
/* End PBXTargetDependency section */

/* Begin PBXVariantGroup section */
		170D6CEE186EB18F00B893AA /* InfoPlist.strings */ = {
			isa = PBXVariantGroup;
			children = (
				170D6CEF186EB18F00B893AA /* en */,
			);
			name = InfoPlist.strings;
			sourceTree = "<group>";
		};
		170D6CF7186EB18F00B893AA /* Main.storyboard */ = {
			isa = PBXVariantGroup;
			children = (
				170D6CF8186EB18F00B893AA /* Base */,
			);
			name = Main.storyboard;
			sourceTree = "<group>";
		};
		170D6D0D186EB18F00B893AA /* InfoPlist.strings */ = {
			isa = PBXVariantGroup;
			children = (
				170D6D0E186EB18F00B893AA /* en */,
			);
			name = InfoPlist.strings;
			sourceTree = "<group>";
		};
/* End PBXVariantGroup section */

/* Begin XCBuildConfiguration section */
		170D6D12186EB18F00B893AA /* Debug */ = {
			isa = XCBuildConfiguration;
			buildSettings = {
				ALWAYS_SEARCH_USER_PATHS = NO;
				ARCHS = "$(ARCHS_STANDARD_INCLUDING_64_BIT)";
				CLANG_CXX_LANGUAGE_STANDARD = "gnu++0x";
				CLANG_CXX_LIBRARY = "libc++";
				CLANG_ENABLE_MODULES = YES;
				CLANG_ENABLE_OBJC_ARC = YES;
				CLANG_WARN_BOOL_CONVERSION = YES;
				CLANG_WARN_CONSTANT_CONVERSION = YES;
				CLANG_WARN_DIRECT_OBJC_ISA_USAGE = YES_ERROR;
				CLANG_WARN_EMPTY_BODY = YES;
				CLANG_WARN_ENUM_CONVERSION = YES;
				CLANG_WARN_INT_CONVERSION = YES;
				CLANG_WARN_OBJC_ROOT_CLASS = YES_ERROR;
				CLANG_WARN__DUPLICATE_METHOD_MATCH = YES;
				"CODE_SIGN_IDENTITY[sdk=iphoneos*]" = "iPhone Developer";
				COPY_PHASE_STRIP = NO;
				GCC_C_LANGUAGE_STANDARD = gnu99;
				GCC_DYNAMIC_NO_PIC = NO;
				GCC_OPTIMIZATION_LEVEL = 0;
				GCC_PREPROCESSOR_DEFINITIONS = (
					"DEBUG=1",
					"$(inherited)",
				);
				GCC_SYMBOLS_PRIVATE_EXTERN = NO;
				GCC_WARN_64_TO_32_BIT_CONVERSION = YES;
				GCC_WARN_ABOUT_RETURN_TYPE = YES_ERROR;
				GCC_WARN_UNDECLARED_SELECTOR = YES;
				GCC_WARN_UNINITIALIZED_AUTOS = YES;
				GCC_WARN_UNUSED_FUNCTION = YES;
				GCC_WARN_UNUSED_VARIABLE = YES;
				IPHONEOS_DEPLOYMENT_TARGET = 7.0;
				ONLY_ACTIVE_ARCH = YES;
				SDKROOT = iphoneos;
			};
			name = Debug;
		};
		170D6D13186EB18F00B893AA /* Release */ = {
			isa = XCBuildConfiguration;
			buildSettings = {
				ALWAYS_SEARCH_USER_PATHS = NO;
				ARCHS = "$(ARCHS_STANDARD_INCLUDING_64_BIT)";
				CLANG_CXX_LANGUAGE_STANDARD = "gnu++0x";
				CLANG_CXX_LIBRARY = "libc++";
				CLANG_ENABLE_MODULES = YES;
				CLANG_ENABLE_OBJC_ARC = YES;
				CLANG_WARN_BOOL_CONVERSION = YES;
				CLANG_WARN_CONSTANT_CONVERSION = YES;
				CLANG_WARN_DIRECT_OBJC_ISA_USAGE = YES_ERROR;
				CLANG_WARN_EMPTY_BODY = YES;
				CLANG_WARN_ENUM_CONVERSION = YES;
				CLANG_WARN_INT_CONVERSION = YES;
				CLANG_WARN_OBJC_ROOT_CLASS = YES_ERROR;
				CLANG_WARN__DUPLICATE_METHOD_MATCH = YES;
				"CODE_SIGN_IDENTITY[sdk=iphoneos*]" = "iPhone Developer";
				COPY_PHASE_STRIP = YES;
				ENABLE_NS_ASSERTIONS = NO;
				GCC_C_LANGUAGE_STANDARD = gnu99;
				GCC_WARN_64_TO_32_BIT_CONVERSION = YES;
				GCC_WARN_ABOUT_RETURN_TYPE = YES_ERROR;
				GCC_WARN_UNDECLARED_SELECTOR = YES;
				GCC_WARN_UNINITIALIZED_AUTOS = YES;
				GCC_WARN_UNUSED_FUNCTION = YES;
				GCC_WARN_UNUSED_VARIABLE = YES;
				IPHONEOS_DEPLOYMENT_TARGET = 7.0;
				SDKROOT = iphoneos;
				VALIDATE_PRODUCT = YES;
			};
			name = Release;
		};
		170D6D15186EB18F00B893AA /* Debug */ = {
			isa = XCBuildConfiguration;
			buildSettings = {
				ASSETCATALOG_COMPILER_APPICON_NAME = AppIcon;
				ASSETCATALOG_COMPILER_LAUNCHIMAGE_NAME = LaunchImage;
				GCC_PRECOMPILE_PREFIX_HEADER = YES;
				GCC_PREFIX_HEADER = "CrystalBall/CrystalBall-Prefix.pch";
				INFOPLIST_FILE = "CrystalBall/CrystalBall-Info.plist";
				PRODUCT_NAME = "$(TARGET_NAME)";
				WRAPPER_EXTENSION = app;
			};
			name = Debug;
		};
		170D6D16186EB18F00B893AA /* Release */ = {
			isa = XCBuildConfiguration;
			buildSettings = {
				ASSETCATALOG_COMPILER_APPICON_NAME = AppIcon;
				ASSETCATALOG_COMPILER_LAUNCHIMAGE_NAME = LaunchImage;
				GCC_PRECOMPILE_PREFIX_HEADER = YES;
				GCC_PREFIX_HEADER = "CrystalBall/CrystalBall-Prefix.pch";
				INFOPLIST_FILE = "CrystalBall/CrystalBall-Info.plist";
				PRODUCT_NAME = "$(TARGET_NAME)";
				WRAPPER_EXTENSION = app;
			};
			name = Release;
		};
		170D6D18186EB18F00B893AA /* Debug */ = {
			isa = XCBuildConfiguration;
			buildSettings = {
				ARCHS = "$(ARCHS_STANDARD_INCLUDING_64_BIT)";
				BUNDLE_LOADER = "$(BUILT_PRODUCTS_DIR)/CrystalBall.app/CrystalBall";
				FRAMEWORK_SEARCH_PATHS = (
					"$(SDKROOT)/Developer/Library/Frameworks",
					"$(inherited)",
					"$(DEVELOPER_FRAMEWORKS_DIR)",
				);
				GCC_PRECOMPILE_PREFIX_HEADER = YES;
				GCC_PREFIX_HEADER = "CrystalBall/CrystalBall-Prefix.pch";
				GCC_PREPROCESSOR_DEFINITIONS = (
					"DEBUG=1",
					"$(inherited)",
				);
				INFOPLIST_FILE = "CrystalBallTests/CrystalBallTests-Info.plist";
				PRODUCT_NAME = "$(TARGET_NAME)";
				TEST_HOST = "$(BUNDLE_LOADER)";
				WRAPPER_EXTENSION = xctest;
			};
			name = Debug;
		};
		170D6D19186EB18F00B893AA /* Release */ = {
			isa = XCBuildConfiguration;
			buildSettings = {
				ARCHS = "$(ARCHS_STANDARD_INCLUDING_64_BIT)";
				BUNDLE_LOADER = "$(BUILT_PRODUCTS_DIR)/CrystalBall.app/CrystalBall";
				FRAMEWORK_SEARCH_PATHS = (
					"$(SDKROOT)/Developer/Library/Frameworks",
					"$(inherited)",
					"$(DEVELOPER_FRAMEWORKS_DIR)",
				);
				GCC_PRECOMPILE_PREFIX_HEADER = YES;
				GCC_PREFIX_HEADER = "CrystalBall/CrystalBall-Prefix.pch";
				INFOPLIST_FILE = "CrystalBallTests/CrystalBallTests-Info.plist";
				PRODUCT_NAME = "$(TARGET_NAME)";
				TEST_HOST = "$(BUNDLE_LOADER)";
				WRAPPER_EXTENSION = xctest;
			};
			name = Release;
		};
/* End XCBuildConfiguration section */

/* Begin XCConfigurationList section */
		170D6CDD186EB18F00B893AA /* Build configuration list for PBXProject "CrystalBall" */ = {
			isa = XCConfigurationList;
			buildConfigurations = (
				170D6D12186EB18F00B893AA /* Debug */,
				170D6D13186EB18F00B893AA /* Release */,
			);
			defaultConfigurationIsVisible = 0;
			defaultConfigurationName = Release;
		};
		170D6D14186EB18F00B893AA /* Build configuration list for PBXNativeTarget "CrystalBall" */ = {
			isa = XCConfigurationList;
			buildConfigurations = (
				170D6D15186EB18F00B893AA /* Debug */,
				170D6D16186EB18F00B893AA /* Release */,
			);
			defaultConfigurationIsVisible = 0;
		};
		170D6D17186EB18F00B893AA /* Build configuration list for PBXNativeTarget "CrystalBallTests" */ = {
			isa = XCConfigurationList;
			buildConfigurations = (
				170D6D18186EB18F00B893AA /* Debug */,
				170D6D19186EB18F00B893AA /* Release */,
			);
			defaultConfigurationIsVisible = 0;
		};
/* End XCConfigurationList section */
	};
	rootObject = 170D6CDA186EB18F00B893AA /* Project object */;
}
